
Microsoft Visual Studio Solution File, Format Version 12.00
Project("{FAE04EC0-301F-11D3-BF4B-00C04F79EFBC}") = "PracticaProg", "PracticaProg\PracticaProg.csproj", "{26F31EC4-D5E1-452C-981E-92D7996E5E8E}"
EndProject
Project("{FAE04EC0-301F-11D3-BF4B-00C04F79EFBC}") = "N8", "N8\N8.csproj", "{E91AEB2A-6EA1-476D-AF2E-86711562BE3E}"
EndProject
Project("{FAE04EC0-301F-11D3-BF4B-00C04F79EFBC}") = "N7", "N7\N7.csproj", "{4616A38E-C6D7-405C-9808-BF8B5AD7664A}"
EndProject
Project("{FAE04EC0-301F-11D3-BF4B-00C04F79EFBC}") = "N6", "N6\N6.csproj", "{DBBDD70B-2CFA-4AB7-9485-D3F98D02E311}"
EndProject
Project("{FAE04EC0-301F-11D3-BF4B-00C04F79EFBC}") = "N5", "N5\N5.csproj", "{30306B77-2C01-4186-9931-1856EE8A7951}"
EndProject
Project("{FAE04EC0-301F-11D3-BF4B-00C04F79EFBC}") = "N4", "N4\N4.csproj", "{8A6FBF9E-1139-44F1-A5CA-1BC8E6EAF32C}"
EndProject
Project("{FAE04EC0-301F-11D3-BF4B-00C04F79EFBC}") = "N3", "N3\N3.csproj", "{78EA95A1-B3BA-4F62-BFF9-2CAD2322B625}"
EndProject
Project("{FAE04EC0-301F-11D3-BF4B-00C04F79EFBC}") = "N2", "N2\N2.csproj", "{9F940029-0B90-47D5-8D83-3486B0C368F0}"
EndProject
Project("{FAE04EC0-301F-11D3-BF4B-00C04F79EFBC}") = "N1", "N1\N1.csproj", "{F88427F9-BC72-482D-B4DD-3D11F5094910}"
EndProject
Global
	GlobalSection(SolutionConfigurationPlatforms) = preSolution
		Debug|Any CPU = Debug|Any CPU
		Release|Any CPU = Release|Any CPU
	EndGlobalSection
	GlobalSection(ProjectConfigurationPlatforms) = postSolution
		{26F31EC4-D5E1-452C-981E-92D7996E5E8E}.Debug|Any CPU.ActiveCfg = Debug|Any CPU
		{26F31EC4-D5E1-452C-981E-92D7996E5E8E}.Debug|Any CPU.Build.0 = Debug|Any CPU
		{26F31EC4-D5E1-452C-981E-92D7996E5E8E}.Release|Any CPU.ActiveCfg = Release|Any CPU
		{26F31EC4-D5E1-452C-981E-92D7996E5E8E}.Release|Any CPU.Build.0 = Release|Any CPU
		{E91AEB2A-6EA1-476D-AF2E-86711562BE3E}.Debug|Any CPU.ActiveCfg = Debug|Any CPU
		{E91AEB2A-6EA1-476D-AF2E-86711562BE3E}.Debug|Any CPU.Build.0 = Debug|Any CPU
		{E91AEB2A-6EA1-476D-AF2E-86711562BE3E}.Release|Any CPU.ActiveCfg = Release|Any CPU
		{E91AEB2A-6EA1-476D-AF2E-86711562BE3E}.Release|Any CPU.Build.0 = Release|Any CPU
		{4616A38E-C6D7-405C-9808-BF8B5AD7664A}.Debug|Any CPU.ActiveCfg = Debug|Any CPU
		{4616A38E-C6D7-405C-9808-BF8B5AD7664A}.Debug|Any CPU.Build.0 = Debug|Any CPU
		{4616A38E-C6D7-405C-9808-BF8B5AD7664A}.Release|Any CPU.ActiveCfg = Release|Any CPU
		{4616A38E-C6D7-405C-9808-BF8B5AD7664A}.Release|Any CPU.Build.0 = Release|Any CPU
		{DBBDD70B-2CFA-4AB7-9485-D3F98D02E311}.Debug|Any CPU.ActiveCfg = Debug|Any CPU
		{DBBDD70B-2CFA-4AB7-9485-D3F98D02E311}.Debug|Any CPU.Build.0 = Debug|Any CPU
		{DBBDD70B-2CFA-4AB7-9485-D3F98D02E311}.Release|Any CPU.ActiveCfg = Release|Any CPU
		{DBBDD70B-2CFA-4AB7-9485-D3F98D02E311}.Release|Any CPU.Build.0 = Release|Any CPU
		{30306B77-2C01-4186-9931-1856EE8A7951}.Debug|Any CPU.ActiveCfg = Debug|Any CPU
		{30306B77-2C01-4186-9931-1856EE8A7951}.Debug|Any CPU.Build.0 = Debug|Any CPU
		{30306B77-2C01-4186-9931-1856EE8A7951}.Release|Any CPU.ActiveCfg = Release|Any CPU
		{30306B77-2C01-4186-9931-1856EE8A7951}.Release|Any CPU.Build.0 = Release|Any CPU
		{8A6FBF9E-1139-44F1-A5CA-1BC8E6EAF32C}.Debug|Any CPU.ActiveCfg = Debug|Any CPU
		{8A6FBF9E-1139-44F1-A5CA-1BC8E6EAF32C}.Debug|Any CPU.Build.0 = Debug|Any CPU
		{8A6FBF9E-1139-44F1-A5CA-1BC8E6EAF32C}.Release|Any CPU.ActiveCfg = Release|Any CPU
		{8A6FBF9E-1139-44F1-A5CA-1BC8E6EAF32C}.Release|Any CPU.Build.0 = Release|Any CPU
		{78EA95A1-B3BA-4F62-BFF9-2CAD2322B625}.Debug|Any CPU.ActiveCfg = Debug|Any CPU
		{78EA95A1-B3BA-4F62-BFF9-2CAD2322B625}.Debug|Any CPU.Build.0 = Debug|Any CPU
		{78EA95A1-B3BA-4F62-BFF9-2CAD2322B625}.Release|Any CPU.ActiveCfg = Release|Any CPU
		{78EA95A1-B3BA-4F62-BFF9-2CAD2322B625}.Release|Any CPU.Build.0 = Release|Any CPU
		{9F940029-0B90-47D5-8D83-3486B0C368F0}.Debug|Any CPU.ActiveCfg = Debug|Any CPU
		{9F940029-0B90-47D5-8D83-3486B0C368F0}.Debug|Any CPU.Build.0 = Debug|Any CPU
		{9F940029-0B90-47D5-8D83-3486B0C368F0}.Release|Any CPU.ActiveCfg = Release|Any CPU
		{9F940029-0B90-47D5-8D83-3486B0C368F0}.Release|Any CPU.Build.0 = Release|Any CPU
		{F88427F9-BC72-482D-B4DD-3D11F5094910}.Debug|Any CPU.ActiveCfg = Debug|Any CPU
		{F88427F9-BC72-482D-B4DD-3D11F5094910}.Debug|Any CPU.Build.0 = Debug|Any CPU
		{F88427F9-BC72-482D-B4DD-3D11F5094910}.Release|Any CPU.ActiveCfg = Release|Any CPU
		{F88427F9-BC72-482D-B4DD-3D11F5094910}.Release|Any CPU.Build.0 = Release|Any CPU
	EndGlobalSection
EndGlobal
